// !$*UTF8*$!
{
	archiveVersion = 1;
	classes = {
	};
	objectVersion = 50;
	objects = {

/* Begin PBXBuildFile section */
		14B2FEA3229165E100E862B5 /* AppDelegate.swift in Sources */ = {isa = PBXBuildFile; fileRef = 14B2FEA2229165E100E862B5 /* AppDelegate.swift */; };
		14B2FEA5229165E100E862B5 /* ViewController.swift in Sources */ = {isa = PBXBuildFile; fileRef = 14B2FEA4229165E100E862B5 /* ViewController.swift */; };
		14B2FEA8229165E100E862B5 /* Main.storyboard in Resources */ = {isa = PBXBuildFile; fileRef = 14B2FEA6229165E100E862B5 /* Main.storyboard */; };
		14B2FEAA229165E600E862B5 /* Assets.xcassets in Resources */ = {isa = PBXBuildFile; fileRef = 14B2FEA9229165E600E862B5 /* Assets.xcassets */; };
		14B2FEAD229165E600E862B5 /* LaunchScreen.storyboard in Resources */ = {isa = PBXBuildFile; fileRef = 14B2FEAB229165E600E862B5 /* LaunchScreen.storyboard */; };
		14B2FEB8229165E700E862B5 /* PinterestImageLoaderTests.swift in Sources */ = {isa = PBXBuildFile; fileRef = 14B2FEB7229165E700E862B5 /* PinterestImageLoaderTests.swift */; };
		14B2FEC3229165E700E862B5 /* PinterestImageLoaderUITests.swift in Sources */ = {isa = PBXBuildFile; fileRef = 14B2FEC2229165E700E862B5 /* PinterestImageLoaderUITests.swift */; };
/* End PBXBuildFile section */

/* Begin PBXContainerItemProxy section */
		14B2FEB4229165E700E862B5 /* PBXContainerItemProxy */ = {
			isa = PBXContainerItemProxy;
			containerPortal = 14B2FE97229165E100E862B5 /* Project object */;
			proxyType = 1;
			remoteGlobalIDString = 14B2FE9E229165E100E862B5;
			remoteInfo = PinterestImageLoader;
		};
		14B2FEBF229165E700E862B5 /* PBXContainerItemProxy */ = {
			isa = PBXContainerItemProxy;
			containerPortal = 14B2FE97229165E100E862B5 /* Project object */;
			proxyType = 1;
			remoteGlobalIDString = 14B2FE9E229165E100E862B5;
			remoteInfo = PinterestImageLoader;
		};
/* End PBXContainerItemProxy section */

/* Begin PBXFileReference section */
		14B2FE9F229165E100E862B5 /* PinterestImageLoader.app */ = {isa = PBXFileReference; explicitFileType = wrapper.application; includeInIndex = 0; path = PinterestImageLoader.app; sourceTree = BUILT_PRODUCTS_DIR; };
		14B2FEA2229165E100E862B5 /* AppDelegate.swift */ = {isa = PBXFileReference; lastKnownFileType = sourcecode.swift; path = AppDelegate.swift; sourceTree = "<group>"; };
		14B2FEA4229165E100E862B5 /* ViewController.swift */ = {isa = PBXFileReference; lastKnownFileType = sourcecode.swift; path = ViewController.swift; sourceTree = "<group>"; };
		14B2FEA7229165E100E862B5 /* Base */ = {isa = PBXFileReference; lastKnownFileType = file.storyboard; name = Base; path = Base.lproj/Main.storyboard; sourceTree = "<group>"; };
		14B2FEA9229165E600E862B5 /* Assets.xcassets */ = {isa = PBXFileReference; lastKnownFileType = folder.assetcatalog; path = Assets.xcassets; sourceTree = "<group>"; };
		14B2FEAC229165E600E862B5 /* Base */ = {isa = PBXFileReference; lastKnownFileType = file.storyboard; name = Base; path = Base.lproj/LaunchScreen.storyboard; sourceTree = "<group>"; };
		14B2FEAE229165E600E862B5 /* Info.plist */ = {isa = PBXFileReference; lastKnownFileType = text.plist.xml; path = Info.plist; sourceTree = "<group>"; };
		14B2FEB3229165E700E862B5 /* PinterestImageLoaderTests.xctest */ = {isa = PBXFileReference; explicitFileType = wrapper.cfbundle; includeInIndex = 0; path = PinterestImageLoaderTests.xctest; sourceTree = BUILT_PRODUCTS_DIR; };
		14B2FEB7229165E700E862B5 /* PinterestImageLoaderTests.swift */ = {isa = PBXFileReference; lastKnownFileType = sourcecode.swift; path = PinterestImageLoaderTests.swift; sourceTree = "<group>"; };
		14B2FEB9229165E700E862B5 /* Info.plist */ = {isa = PBXFileReference; lastKnownFileType = text.plist.xml; path = Info.plist; sourceTree = "<group>"; };
		14B2FEBE229165E700E862B5 /* PinterestImageLoaderUITests.xctest */ = {isa = PBXFileReference; explicitFileType = wrapper.cfbundle; includeInIndex = 0; path = PinterestImageLoaderUITests.xctest; sourceTree = BUILT_PRODUCTS_DIR; };
		14B2FEC2229165E700E862B5 /* PinterestImageLoaderUITests.swift */ = {isa = PBXFileReference; lastKnownFileType = sourcecode.swift; path = PinterestImageLoaderUITests.swift; sourceTree = "<group>"; };
		14B2FEC4229165E700E862B5 /* Info.plist */ = {isa = PBXFileReference; lastKnownFileType = text.plist.xml; path = Info.plist; sourceTree = "<group>"; };
/* End PBXFileReference section */

/* Begin PBXFrameworksBuildPhase section */
		14B2FE9C229165E100E862B5 /* Frameworks */ = {
			isa = PBXFrameworksBuildPhase;
			buildActionMask = 2147483647;
			files = (
			);
			runOnlyForDeploymentPostprocessing = 0;
		};
		14B2FEB0229165E700E862B5 /* Frameworks */ = {
			isa = PBXFrameworksBuildPhase;
			buildActionMask = 2147483647;
			files = (
			);
			runOnlyForDeploymentPostprocessing = 0;
		};
		14B2FEBB229165E700E862B5 /* Frameworks */ = {
			isa = PBXFrameworksBuildPhase;
			buildActionMask = 2147483647;
			files = (
			);
			runOnlyForDeploymentPostprocessing = 0;
		};
/* End PBXFrameworksBuildPhase section */

/* Begin PBXGroup section */
		14B2FE96229165E100E862B5 = {
			isa = PBXGroup;
			children = (
				14B2FEA1229165E100E862B5 /* PinterestImageLoader */,
				14B2FEB6229165E700E862B5 /* PinterestImageLoaderTests */,
				14B2FEC1229165E700E862B5 /* PinterestImageLoaderUITests */,
				14B2FEA0229165E100E862B5 /* Products */,
			);
			sourceTree = "<group>";
		};
		14B2FEA0229165E100E862B5 /* Products */ = {
			isa = PBXGroup;
			children = (
				14B2FE9F229165E100E862B5 /* PinterestImageLoader.app */,
				14B2FEB3229165E700E862B5 /* PinterestImageLoaderTests.xctest */,
				14B2FEBE229165E700E862B5 /* PinterestImageLoaderUITests.xctest */,
			);
			name = Products;
			sourceTree = "<group>";
		};
		14B2FEA1229165E100E862B5 /* PinterestImageLoader */ = {
			isa = PBXGroup;
			children = (
				14B2FEA2229165E100E862B5 /* AppDelegate.swift */,
				14B2FEA4229165E100E862B5 /* ViewController.swift */,
				14B2FEA6229165E100E862B5 /* Main.storyboard */,
				14B2FEA9229165E600E862B5 /* Assets.xcassets */,
				14B2FEAB229165E600E862B5 /* LaunchScreen.storyboard */,
				14B2FEAE229165E600E862B5 /* Info.plist */,
			);
			path = PinterestImageLoader;
			sourceTree = "<group>";
		};
		14B2FEB6229165E700E862B5 /* PinterestImageLoaderTests */ = {
			isa = PBXGroup;
			children = (
				14B2FEB7229165E700E862B5 /* PinterestImageLoaderTests.swift */,
				14B2FEB9229165E700E862B5 /* Info.plist */,
			);
			path = PinterestImageLoaderTests;
			sourceTree = "<group>";
		};
		14B2FEC1229165E700E862B5 /* PinterestImageLoaderUITests */ = {
			isa = PBXGroup;
			children = (
				14B2FEC2229165E700E862B5 /* PinterestImageLoaderUITests.swift */,
				14B2FEC4229165E700E862B5 /* Info.plist */,
			);
			path = PinterestImageLoaderUITests;
			sourceTree = "<group>";
		};
/* End PBXGroup section */

/* Begin PBXNativeTarget section */
		14B2FE9E229165E100E862B5 /* PinterestImageLoader */ = {
			isa = PBXNativeTarget;
			buildConfigurationList = 14B2FEC7229165E700E862B5 /* Build configuration list for PBXNativeTarget "PinterestImageLoader" */;
			buildPhases = (
				14B2FE9B229165E100E862B5 /* Sources */,
				14B2FE9C229165E100E862B5 /* Frameworks */,
				14B2FE9D229165E100E862B5 /* Resources */,
			);
			buildRules = (
			);
			dependencies = (
			);
			name = PinterestImageLoader;
			productName = PinterestImageLoader;
			productReference = 14B2FE9F229165E100E862B5 /* PinterestImageLoader.app */;
			productType = "com.apple.product-type.application";
		};
		14B2FEB2229165E700E862B5 /* PinterestImageLoaderTests */ = {
			isa = PBXNativeTarget;
			buildConfigurationList = 14B2FECA229165E700E862B5 /* Build configuration list for PBXNativeTarget "PinterestImageLoaderTests" */;
			buildPhases = (
				14B2FEAF229165E700E862B5 /* Sources */,
				14B2FEB0229165E700E862B5 /* Frameworks */,
				14B2FEB1229165E700E862B5 /* Resources */,
			);
			buildRules = (
			);
			dependencies = (
				14B2FEB5229165E700E862B5 /* PBXTargetDependency */,
			);
			name = PinterestImageLoaderTests;
			productName = PinterestImageLoaderTests;
			productReference = 14B2FEB3229165E700E862B5 /* PinterestImageLoaderTests.xctest */;
			productType = "com.apple.product-type.bundle.unit-test";
		};
		14B2FEBD229165E700E862B5 /* PinterestImageLoaderUITests */ = {
			isa = PBXNativeTarget;
			buildConfigurationList = 14B2FECD229165E700E862B5 /* Build configuration list for PBXNativeTarget "PinterestImageLoaderUITests" */;
			buildPhases = (
				14B2FEBA229165E700E862B5 /* Sources */,
				14B2FEBB229165E700E862B5 /* Frameworks */,
				14B2FEBC229165E700E862B5 /* Resources */,
			);
			buildRules = (
			);
			dependencies = (
				14B2FEC0229165E700E862B5 /* PBXTargetDependency */,
			);
			name = PinterestImageLoaderUITests;
			productName = PinterestImageLoaderUITests;
			productReference = 14B2FEBE229165E700E862B5 /* PinterestImageLoaderUITests.xctest */;
			productType = "com.apple.product-type.bundle.ui-testing";
		};
/* End PBXNativeTarget section */

/* Begin PBXProject section */
		14B2FE97229165E100E862B5 /* Project object */ = {
			isa = PBXProject;
			attributes = {
				LastSwiftUpdateCheck = 1010;
				LastUpgradeCheck = 1010;
				ORGANIZATIONNAME = "Nour ";
				TargetAttributes = {
					14B2FE9E229165E100E862B5 = {
						CreatedOnToolsVersion = 10.1;
					};
					14B2FEB2229165E700E862B5 = {
						CreatedOnToolsVersion = 10.1;
						TestTargetID = 14B2FE9E229165E100E862B5;
					};
					14B2FEBD229165E700E862B5 = {
						CreatedOnToolsVersion = 10.1;
						TestTargetID = 14B2FE9E229165E100E862B5;
					};
				};
			};
			buildConfigurationList = 14B2FE9A229165E100E862B5 /* Build configuration list for PBXProject "PinterestImageLoader" */;
			compatibilityVersion = "Xcode 9.3";
			developmentRegion = en;
			hasScannedForEncodings = 0;
			knownRegions = (
				en,
				Base,
			);
			mainGroup = 14B2FE96229165E100E862B5;
			productRefGroup = 14B2FEA0229165E100E862B5 /* Products */;
			projectDirPath = "";
			projectRoot = "";
			targets = (
				14B2FE9E229165E100E862B5 /* PinterestImageLoader */,
				14B2FEB2229165E700E862B5 /* PinterestImageLoaderTests */,
				14B2FEBD229165E700E862B5 /* PinterestImageLoaderUITests */,
			);
		};
/* End PBXProject section */

/* Begin PBXResourcesBuildPhase section */
		14B2FE9D229165E100E862B5 /* Resources */ = {
			isa = PBXResourcesBuildPhase;
			buildActionMask = 2147483647;
			files = (
				14B2FEAD229165E600E862B5 /* LaunchScreen.storyboard in Resources */,
				14B2FEAA229165E600E862B5 /* Assets.xcassets in Resources */,
				14B2FEA8229165E100E862B5 /* Main.storyboard in Resources */,
			);
			runOnlyForDeploymentPostprocessing = 0;
		};
		14B2FEB1229165E700E862B5 /* Resources */ = {
			isa = PBXResourcesBuildPhase;
			buildActionMask = 2147483647;
			files = (
			);
			runOnlyForDeploymentPostprocessing = 0;
		};
		14B2FEBC229165E700E862B5 /* Resources */ = {
			isa = PBXResourcesBuildPhase;
			buildActionMask = 2147483647;
			files = (
			);
			runOnlyForDeploymentPostprocessing = 0;
		};
/* End PBXResourcesBuildPhase section */

/* Begin PBXSourcesBuildPhase section */
		14B2FE9B229165E100E862B5 /* Sources */ = {
			isa = PBXSourcesBuildPhase;
			buildActionMask = 2147483647;
			files = (
				14B2FEA5229165E100E862B5 /* ViewController.swift in Sources */,
				14B2FEA3229165E100E862B5 /* AppDelegate.swift in Sources */,
			);
			runOnlyForDeploymentPostprocessing = 0;
		};
		14B2FEAF229165E700E862B5 /* Sources */ = {
			isa = PBXSourcesBuildPhase;
			buildActionMask = 2147483647;
			files = (
				14B2FEB8229165E700E862B5 /* PinterestImageLoaderTests.swift in Sources */,
			);
			runOnlyForDeploymentPostprocessing = 0;
		};
		14B2FEBA229165E700E862B5 /* Sources */ = {
			isa = PBXSourcesBuildPhase;
			buildActionMask = 2147483647;
			files = (
				14B2FEC3229165E700E862B5 /* PinterestImageLoaderUITests.swift in Sources */,
			);
			runOnlyForDeploymentPostprocessing = 0;
		};
/* End PBXSourcesBuildPhase section */

/* Begin PBXTargetDependency section */
		14B2FEB5229165E700E862B5 /* PBXTargetDependency */ = {
			isa = PBXTargetDependency;
			target = 14B2FE9E229165E100E862B5 /* PinterestImageLoader */;
			targetProxy = 14B2FEB4229165E700E862B5 /* PBXContainerItemProxy */;
		};
		14B2FEC0229165E700E862B5 /* PBXTargetDependency */ = {
			isa = PBXTargetDependency;
			target = 14B2FE9E229165E100E862B5 /* PinterestImageLoader */;
			targetProxy = 14B2FEBF229165E700E862B5 /* PBXContainerItemProxy */;
		};
/* End PBXTargetDependency section */

/* Begin PBXVariantGroup section */
		14B2FEA6229165E100E862B5 /* Main.storyboard */ = {
			isa = PBXVariantGroup;
			children = (
				14B2FEA7229165E100E862B5 /* Base */,
			);
			name = Main.storyboard;
			sourceTree = "<group>";
		};
		14B2FEAB229165E600E862B5 /* LaunchScreen.storyboard */ = {
			isa = PBXVariantGroup;
			children = (
				14B2FEAC229165E600E862B5 /* Base */,
			);
			name = LaunchScreen.storyboard;
			sourceTree = "<group>";
		};
/* End PBXVariantGroup section */

/* Begin XCBuildConfiguration section */
		14B2FEC5229165E700E862B5 /* Debug */ = {
			isa = XCBuildConfiguration;
			buildSettings = {
				ALWAYS_SEARCH_USER_PATHS = NO;
				CLANG_ANALYZER_NONNULL = YES;
				CLANG_ANALYZER_NUMBER_OBJECT_CONVERSION = YES_AGGRESSIVE;
				CLANG_CXX_LANGUAGE_STANDARD = "gnu++14";
				CLANG_CXX_LIBRARY = "libc++";
				CLANG_ENABLE_MODULES = YES;
				CLANG_ENABLE_OBJC_ARC = YES;
				CLANG_ENABLE_OBJC_WEAK = YES;
				CLANG_WARN_BLOCK_CAPTURE_AUTORELEASING = YES;
				CLANG_WARN_BOOL_CONVERSION = YES;
				CLANG_WARN_COMMA = YES;
				CLANG_WARN_CONSTANT_CONVERSION = YES;
				CLANG_WARN_DEPRECATED_OBJC_IMPLEMENTATIONS = YES;
				CLANG_WARN_DIRECT_OBJC_ISA_USAGE = YES_ERROR;
				CLANG_WARN_DOCUMENTATION_COMMENTS = YES;
				CLANG_WARN_EMPTY_BODY = YES;
				CLANG_WARN_ENUM_CONVERSION = YES;
				CLANG_WARN_INFINITE_RECURSION = YES;
				CLANG_WARN_INT_CONVERSION = YES;
				CLANG_WARN_NON_LITERAL_NULL_CONVERSION = YES;
				CLANG_WARN_OBJC_IMPLICIT_RETAIN_SELF = YES;
				CLANG_WARN_OBJC_LITERAL_CONVERSION = YES;
				CLANG_WARN_OBJC_ROOT_CLASS = YES_ERROR;
				CLANG_WARN_RANGE_LOOP_ANALYSIS = YES;
				CLANG_WARN_STRICT_PROTOTYPES = YES;
				CLANG_WARN_SUSPICIOUS_MOVE = YES;
				CLANG_WARN_UNGUARDED_AVAILABILITY = YES_AGGRESSIVE;
				CLANG_WARN_UNREACHABLE_CODE = YES;
				CLANG_WARN__DUPLICATE_METHOD_MATCH = YES;
				CODE_SIGN_IDENTITY = "iPhone Developer";
				COPY_PHASE_STRIP = NO;
				DEBUG_INFORMATION_FORMAT = dwarf;
				ENABLE_STRICT_OBJC_MSGSEND = YES;
				ENABLE_TESTABILITY = YES;
				GCC_C_LANGUAGE_STANDARD = gnu11;
				GCC_DYNAMIC_NO_PIC = NO;
				GCC_NO_COMMON_BLOCKS = YES;
				GCC_OPTIMIZATION_LEVEL = 0;
				GCC_PREPROCESSOR_DEFINITIONS = (
					"DEBUG=1",
					"$(inherited)",
				);
				GCC_WARN_64_TO_32_BIT_CONVERSION = YES;
				GCC_WARN_ABOUT_RETURN_TYPE = YES_ERROR;
				GCC_WARN_UNDECLARED_SELECTOR = YES;
				GCC_WARN_UNINITIALIZED_AUTOS = YES_AGGRESSIVE;
				GCC_WARN_UNUSED_FUNCTION = YES;
				GCC_WARN_UNUSED_VARIABLE = YES;
				IPHONEOS_DEPLOYMENT_TARGET = 12.1;
				MTL_ENABLE_DEBUG_INFO = INCLUDE_SOURCE;
				MTL_FAST_MATH = YES;
				ONLY_ACTIVE_ARCH = YES;
				SDKROOT = iphoneos;
				SWIFT_ACTIVE_COMPILATION_CONDITIONS = DEBUG;
				SWIFT_OPTIMIZATION_LEVEL = "-Onone";
			};
			name = Debug;
		};
		14B2FEC6229165E700E862B5 /* Release */ = {
			isa = XCBuildConfiguration;
			buildSettings = {
				ALWAYS_SEARCH_USER_PATHS = NO;
				CLANG_ANALYZER_NONNULL = YES;
				CLANG_ANALYZER_NUMBER_OBJECT_CONVERSION = YES_AGGRESSIVE;
				CLANG_CXX_LANGUAGE_STANDARD = "gnu++14";
				CLANG_CXX_LIBRARY = "libc++";
				CLANG_ENABLE_MODULES = YES;
				CLANG_ENABLE_OBJC_ARC = YES;
				CLANG_ENABLE_OBJC_WEAK = YES;
				CLANG_WARN_BLOCK_CAPTURE_AUTORELEASING = YES;
				CLANG_WARN_BOOL_CONVERSION = YES;
				CLANG_WARN_COMMA = YES;
				CLANG_WARN_CONSTANT_CONVERSION = YES;
				CLANG_WARN_DEPRECATED_OBJC_IMPLEMENTATIONS = YES;
				CLANG_WARN_DIRECT_OBJC_ISA_USAGE = YES_ERROR;
				CLANG_WARN_DOCUMENTATION_COMMENTS = YES;
				CLANG_WARN_EMPTY_BODY = YES;
				CLANG_WARN_ENUM_CONVERSION = YES;
				CLANG_WARN_INFINITE_RECURSION = YES;
				CLANG_WARN_INT_CONVERSION = YES;
				CLANG_WARN_NON_LITERAL_NULL_CONVERSION = YES;
				CLANG_WARN_OBJC_IMPLICIT_RETAIN_SELF = YES;
				CLANG_WARN_OBJC_LITERAL_CONVERSION = YES;
				CLANG_WARN_OBJC_ROOT_CLASS = YES_ERROR;
				CLANG_WARN_RANGE_LOOP_ANALYSIS = YES;
				CLANG_WARN_STRICT_PROTOTYPES = YES;
				CLANG_WARN_SUSPICIOUS_MOVE = YES;
				CLANG_WARN_UNGUARDED_AVAILABILITY = YES_AGGRESSIVE;
				CLANG_WARN_UNREACHABLE_CODE = YES;
				CLANG_WARN__DUPLICATE_METHOD_MATCH = YES;
				CODE_SIGN_IDENTITY = "iPhone Developer";
				COPY_PHASE_STRIP = NO;
				DEBUG_INFORMATION_FORMAT = "dwarf-with-dsym";
				ENABLE_NS_ASSERTIONS = NO;
				ENABLE_STRICT_OBJC_MSGSEND = YES;
				GCC_C_LANGUAGE_STANDARD = gnu11;
				GCC_NO_COMMON_BLOCKS = YES;
				GCC_WARN_64_TO_32_BIT_CONVERSION = YES;
				GCC_WARN_ABOUT_RETURN_TYPE = YES_ERROR;
				GCC_WARN_UNDECLARED_SELECTOR = YES;
				GCC_WARN_UNINITIALIZED_AUTOS = YES_AGGRESSIVE;
				GCC_WARN_UNUSED_FUNCTION = YES;
				GCC_WARN_UNUSED_VARIABLE = YES;
				IPHONEOS_DEPLOYMENT_TARGET = 12.1;
				MTL_ENABLE_DEBUG_INFO = NO;
				MTL_FAST_MATH = YES;
				SDKROOT = iphoneos;
				SWIFT_COMPILATION_MODE = wholemodule;
				SWIFT_OPTIMIZATION_LEVEL = "-O";
				VALIDATE_PRODUCT = YES;
			};
			name = Release;
		};
		14B2FEC8229165E700E862B5 /* Debug */ = {
			isa = XCBuildConfiguration;
			buildSettings = {
				ASSETCATALOG_COMPILER_APPICON_NAME = AppIcon;
				CODE_SIGN_STYLE = Automatic;
				DEVELOPMENT_TEAM = RXEQF54W6W;
				INFOPLIST_FILE = PinterestImageLoader/Info.plist;
				IPHONEOS_DEPLOYMENT_TARGET = 10.0;
				LD_RUNPATH_SEARCH_PATHS = (
					"$(inherited)",
					"@executable_path/Frameworks",
				);
				PRODUCT_BUNDLE_IDENTIFIER = com.NourAlden.PinterestImageLoader;
				PRODUCT_NAME = "$(TARGET_NAME)";
				SWIFT_VERSION = 4.2;
				TARGETED_DEVICE_FAMILY = "1,2";
			};
			name = Debug;
		};
		14B2FEC9229165E700E862B5 /* Release */ = {
			isa = XCBuildConfiguration;
			buildSettings = {
				ASSETCATALOG_COMPILER_APPICON_NAME = AppIcon;
				CODE_SIGN_STYLE = Automatic;
				DEVELOPMENT_TEAM = RXEQF54W6W;
				INFOPLIST_FILE = PinterestImageLoader/Info.plist;
				IPHONEOS_DEPLOYMENT_TARGET = 10.0;
				LD_RUNPATH_SEARCH_PATHS = (
					"$(inherited)",
					"@executable_path/Frameworks",
				);
				PRODUCT_BUNDLE_IDENTIFIER = com.NourAlden.PinterestImageLoader;
				PRODUCT_NAME = "$(TARGET_NAME)";
				SWIFT_VERSION = 4.2;
				TARGETED_DEVICE_FAMILY = "1,2";
			};
			name = Release;
		};
		14B2FECB229165E700E862B5 /* Debug */ = {
			isa = XCBuildConfiguration;
			buildSettings = {
				ALWAYS_EMBED_SWIFT_STANDARD_LIBRARIES = YES;
				BUNDLE_LOADER = "$(TEST_HOST)";
				CODE_SIGN_STYLE = Automatic;
				DEVELOPMENT_TEAM = RXEQF54W6W;
				INFOPLIST_FILE = PinterestImageLoaderTests/Info.plist;
				LD_RUNPATH_SEARCH_PATHS = (
					"$(inherited)",
					"@executable_path/Frameworks",
					"@loader_path/Frameworks",
				);
				PRODUCT_BUNDLE_IDENTIFIER = com.NourAlden.PinterestImageLoaderTests;
				PRODUCT_NAME = "$(TARGET_NAME)";
				SWIFT_VERSION = 4.2;
				TARGETED_DEVICE_FAMILY = "1,2";
				TEST_HOST = "$(BUILT_PRODUCTS_DIR)/PinterestImageLoader.app/PinterestImageLoader";
			};
			name = Debug;
		};
		14B2FECC229165E700E862B5 /* Release */ = {
			isa = XCBuildConfiguration;
			buildSettings = {
				ALWAYS_EMBED_SWIFT_STANDARD_LIBRARIES = YES;
				BUNDLE_LOADER = "$(TEST_HOST)";
				CODE_SIGN_STYLE = Automatic;
				DEVELOPMENT_TEAM = RXEQF54W6W;
				INFOPLIST_FILE = PinterestImageLoaderTests/Info.plist;
				LD_RUNPATH_SEARCH_PATHS = (
					"$(inherited)",
					"@executable_path/Frameworks",
					"@loader_path/Frameworks",
				);
				PRODUCT_BUNDLE_IDENTIFIER = com.NourAlden.PinterestImageLoaderTests;
				PRODUCT_NAME = "$(TARGET_NAME)";
				SWIFT_VERSION = 4.2;
				TARGETED_DEVICE_FAMILY = "1,2";
				TEST_HOST = "$(BUILT_PRODUCTS_DIR)/PinterestImageLoader.app/PinterestImageLoader";
			};
			name = Release;
		};
		14B2FECE229165E700E862B5 /* Debug */ = {
			isa = XCBuildConfiguration;
			buildSettings = {
				ALWAYS_EMBED_SWIFT_STANDARD_LIBRARIES = YES;
				CODE_SIGN_STYLE = Automatic;
				DEVELOPMENT_TEAM = RXEQF54W6W;
				INFOPLIST_FILE = PinterestImageLoaderUITests/Info.plist;
				LD_RUNPATH_SEARCH_PATHS = (
					"$(inherited)",
					"@executable_path/Frameworks",
					"@loader_path/Frameworks",
				);
				PRODUCT_BUNDLE_IDENTIFIER = com.NourAlden.PinterestImageLoaderUITests;
				PRODUCT_NAME = "$(TARGET_NAME)";
				SWIFT_VERSION = 4.2;
				TARGETED_DEVICE_FAMILY = "1,2";
				TEST_TARGET_NAME = PinterestImageLoader;
			};
			name = Debug;
		};
		14B2FECF229165E700E862B5 /* Release */ = {
			isa = XCBuildConfiguration;
			buildSettings = {
				ALWAYS_EMBED_SWIFT_STANDARD_LIBRARIES = YES;
				CODE_SIGN_STYLE = Automatic;
				DEVELOPMENT_TEAM = RXEQF54W6W;
				INFOPLIST_FILE = PinterestImageLoaderUITests/Info.plist;
				LD_RUNPATH_SEARCH_PATHS = (
					"$(inherited)",
					"@executable_path/Frameworks",
					"@loader_path/Frameworks",
				);
				PRODUCT_BUNDLE_IDENTIFIER = com.NourAlden.PinterestImageLoaderUITests;
				PRODUCT_NAME = "$(TARGET_NAME)";
				SWIFT_VERSION = 4.2;
				TARGETED_DEVICE_FAMILY = "1,2";
				TEST_TARGET_NAME = PinterestImageLoader;
			};
			name = Release;
		};
/* End XCBuildConfiguration section */

/* Begin XCConfigurationList section */
		14B2FE9A229165E100E862B5 /* Build configuration list for PBXProject "PinterestImageLoader" */ = {
			isa = XCConfigurationList;
			buildConfigurations = (
				14B2FEC5229165E700E862B5 /* Debug */,
				14B2FEC6229165E700E862B5 /* Release */,
			);
			defaultConfigurationIsVisible = 0;
			defaultConfigurationName = Release;
		};
		14B2FEC7229165E700E862B5 /* Build configuration list for PBXNativeTarget "PinterestImageLoader" */ = {
			isa = XCConfigurationList;
			buildConfigurations = (
				14B2FEC8229165E700E862B5 /* Debug */,
				14B2FEC9229165E700E862B5 /* Release */,
			);
			defaultConfigurationIsVisible = 0;
			defaultConfigurationName = Release;
		};
		14B2FECA229165E700E862B5 /* Build configuration list for PBXNativeTarget "PinterestImageLoaderTests" */ = {
			isa = XCConfigurationList;
			buildConfigurations = (
				14B2FECB229165E700E862B5 /* Debug */,
				14B2FECC229165E700E862B5 /* Release */,
			);
			defaultConfigurationIsVisible = 0;
			defaultConfigurationName = Release;
		};
		14B2FECD229165E700E862B5 /* Build configuration list for PBXNativeTarget "PinterestImageLoaderUITests" */ = {
			isa = XCConfigurationList;
			buildConfigurations = (
				14B2FECE229165E700E862B5 /* Debug */,
				14B2FECF229165E700E862B5 /* Release */,
			);
			defaultConfigurationIsVisible = 0;
			defaultConfigurationName = Release;
		};
/* End XCConfigurationList section */
	};
	rootObject = 14B2FE97229165E100E862B5 /* Project object */;
}
